
Microsoft Visual Studio Solution File, Format Version 12.00
# Visual Studio Version 16
VisualStudioVersion = 16.0.29230.47
MinimumVisualStudioVersion = 10.0.40219.1
Project("{FAE04EC0-301F-11D3-BF4B-00C04F79EFBC}") = "ResotelApplication", "ResotelApplication.csproj", "{4C8F653D-58DA-4BB0-8465-793D2E5D044C}"
EndProject
Global
	GlobalSection(SolutionConfigurationPlatforms) = preSolution
		Debug|Any CPU = Debug|Any CPU
		Release|Any CPU = Release|Any CPU
	EndGlobalSection
	GlobalSection(ProjectConfigurationPlatforms) = postSolution
		{4C8F653D-58DA-4BB0-8465-793D2E5D044C}.Debug|Any CPU.ActiveCfg = Debug|Any CPU
		{4C8F653D-58DA-4BB0-8465-793D2E5D044C}.Debug|Any CPU.Build.0 = Debug|Any CPU
		{4C8F653D-58DA-4BB0-8465-793D2E5D044C}.Release|Any CPU.ActiveCfg = Release|Any CPU
		{4C8F653D-58DA-4BB0-8465-793D2E5D044C}.Release|Any CPU.Build.0 = Release|Any CPU
	EndGlobalSection
	GlobalSection(SolutionProperties) = preSolution
		HideSolutionNode = FALSE
	EndGlobalSection
	GlobalSection(ExtensibilityGlobals) = postSolution
		SolutionGuid = {84120122-1A82-477A-A06F-8312A7CB0452}
	EndGlobalSection
EndGlobal
